# This file is automatically @generated by Cargo.
# It is not intended for manual editing.
version = 4

[[package]]
name = "saturn-cli"
version = "0.1.0"
dependencies = [
 "saturn-protocol",
 "saturn-tui",
]

[[package]]
name = "saturn-core"
version = "0.1.0"
dependencies = [
 "saturn-protocol",
]

[[package]]
name = "saturn-engine"
version = "0.1.0"
dependencies = [
 "saturn-core",
 "saturn-protocol",
]

[[package]]
name = "saturn-protocol"
version = "0.1.0"

[[package]]
name = "saturn-tui"
version = "0.1.0"
dependencies = [
 "saturn-protocol",
]
